
Microsoft Visual Studio Solution File, Format Version 12.00
# Visual Studio 15
VisualStudioVersion = 15.0.27130.0
MinimumVisualStudioVersion = 10.0.40219.1
Project("{FAE04EC0-301F-11D3-BF4B-00C04F79EFBC}") = "EncapsulationExample_Farmer", "EncapsulationExample_Farmer\EncapsulationExample_Farmer.csproj", "{3AEBBF06-AB22-4F98-8CB7-25D1AC46CB6E}"
EndProject
Global
	GlobalSection(SolutionConfigurationPlatforms) = preSolution
		Debug|Any CPU = Debug|Any CPU
		Release|Any CPU = Release|Any CPU
	EndGlobalSection
	GlobalSection(ProjectConfigurationPlatforms) = postSolution
		{3AEBBF06-AB22-4F98-8CB7-25D1AC46CB6E}.Debug|Any CPU.ActiveCfg = Debug|Any CPU
		{3AEBBF06-AB22-4F98-8CB7-25D1AC46CB6E}.Debug|Any CPU.Build.0 = Debug|Any CPU
		{3AEBBF06-AB22-4F98-8CB7-25D1AC46CB6E}.Release|Any CPU.ActiveCfg = Release|Any CPU
		{3AEBBF06-AB22-4F98-8CB7-25D1AC46CB6E}.Release|Any CPU.Build.0 = Release|Any CPU
	EndGlobalSection
	GlobalSection(SolutionProperties) = preSolution
		HideSolutionNode = FALSE
	EndGlobalSection
	GlobalSection(ExtensibilityGlobals) = postSolution
		SolutionGuid = {23F40DD9-A149-4044-9227-480D84204F6F}
	EndGlobalSection
EndGlobal
